// !$*UTF8*$!
{
	archiveVersion = 1;
	classes = {
	};
	objectVersion = 46;
	objects = {

/* Begin PBXBuildFile section */
		880533411E390B3D00C2B95C /* rs_cdf_t.c in Sources */ = {isa = PBXBuildFile; fileRef = 887549F11E38D44D00BC751C /* rs_cdf_t.c */; };
		880533441E390B5300C2B95C /* cdf_main.c in Sources */ = {isa = PBXBuildFile; fileRef = 880533421E390B4E00C2B95C /* cdf_main.c */; };
		881002351E376A1C00F533FA /* rs_recurstats.c in Sources */ = {isa = PBXBuildFile; fileRef = 881002331E376A1C00F533FA /* rs_recurstats.c */; };
		881002441E376ADB00F533FA /* librecurstats.a in Frameworks */ = {isa = PBXBuildFile; fileRef = 881002291E37695D00F533FA /* librecurstats.a */; };
		881002471E376B7400F533FA /* rs_test.c in Sources */ = {isa = PBXBuildFile; fileRef = 881002381E376A8500F533FA /* rs_test.c */; };
		887549F31E38D44D00BC751C /* rs_cdf_t.c in Sources */ = {isa = PBXBuildFile; fileRef = 887549F11E38D44D00BC751C /* rs_cdf_t.c */; };
/* End PBXBuildFile section */

/* Begin PBXContainerItemProxy section */
		881002451E376AF600F533FA /* PBXContainerItemProxy */ = {
			isa = PBXContainerItemProxy;
			containerPortal = 881002211E37695D00F533FA /* Project object */;
			proxyType = 1;
			remoteGlobalIDString = 881002281E37695D00F533FA;
			remoteInfo = recurstats;
		};
/* End PBXContainerItemProxy section */

/* Begin PBXCopyFilesBuildPhase section */
		880533361E390AC300C2B95C /* CopyFiles */ = {
			isa = PBXCopyFilesBuildPhase;
			buildActionMask = 2147483647;
			dstPath = /usr/share/man/man1/;
			dstSubfolderSpec = 0;
			files = (
			);
			runOnlyForDeploymentPostprocessing = 1;
		};
		8810023B1E376ACF00F533FA /* CopyFiles */ = {
			isa = PBXCopyFilesBuildPhase;
			buildActionMask = 2147483647;
			dstPath = /usr/share/man/man1/;
			dstSubfolderSpec = 0;
			files = (
			);
			runOnlyForDeploymentPostprocessing = 1;
		};
/* End PBXCopyFilesBuildPhase section */

/* Begin PBXFileReference section */
		880533381E390AC300C2B95C /* cdf_main */ = {isa = PBXFileReference; explicitFileType = "compiled.mach-o.executable"; includeInIndex = 0; path = cdf_main; sourceTree = BUILT_PRODUCTS_DIR; };
		880533421E390B4E00C2B95C /* cdf_main.c */ = {isa = PBXFileReference; fileEncoding = 4; lastKnownFileType = sourcecode.c.c; path = cdf_main.c; sourceTree = "<group>"; };
		881002291E37695D00F533FA /* librecurstats.a */ = {isa = PBXFileReference; explicitFileType = archive.ar; includeInIndex = 0; path = librecurstats.a; sourceTree = BUILT_PRODUCTS_DIR; };
		881002321E376A0900F533FA /* recurstats.h */ = {isa = PBXFileReference; lastKnownFileType = sourcecode.c.h; path = recurstats.h; sourceTree = "<group>"; };
		881002331E376A1C00F533FA /* rs_recurstats.c */ = {isa = PBXFileReference; fileEncoding = 4; lastKnownFileType = sourcecode.c.c; path = rs_recurstats.c; sourceTree = "<group>"; };
		881002381E376A8500F533FA /* rs_test.c */ = {isa = PBXFileReference; lastKnownFileType = sourcecode.c.c; path = rs_test.c; sourceTree = "<group>"; };
		8810023D1E376ACF00F533FA /* rs_test */ = {isa = PBXFileReference; explicitFileType = "compiled.mach-o.executable"; includeInIndex = 0; path = rs_test; sourceTree = BUILT_PRODUCTS_DIR; };
		887549F11E38D44D00BC751C /* rs_cdf_t.c */ = {isa = PBXFileReference; fileEncoding = 4; lastKnownFileType = sourcecode.c.c; path = rs_cdf_t.c; sourceTree = "<group>"; };
		887549F21E38D44D00BC751C /* rs_cdf_t.h */ = {isa = PBXFileReference; fileEncoding = 4; lastKnownFileType = sourcecode.c.h; path = rs_cdf_t.h; sourceTree = "<group>"; };
/* End PBXFileReference section */

/* Begin PBXFrameworksBuildPhase section */
		880533351E390AC300C2B95C /* Frameworks */ = {
			isa = PBXFrameworksBuildPhase;
			buildActionMask = 2147483647;
			files = (
			);
			runOnlyForDeploymentPostprocessing = 0;
		};
		881002261E37695D00F533FA /* Frameworks */ = {
			isa = PBXFrameworksBuildPhase;
			buildActionMask = 2147483647;
			files = (
			);
			runOnlyForDeploymentPostprocessing = 0;
		};
		8810023A1E376ACF00F533FA /* Frameworks */ = {
			isa = PBXFrameworksBuildPhase;
			buildActionMask = 2147483647;
			files = (
				881002441E376ADB00F533FA /* librecurstats.a in Frameworks */,
			);
			runOnlyForDeploymentPostprocessing = 0;
		};
/* End PBXFrameworksBuildPhase section */

/* Begin PBXGroup section */
		881002201E37695C00F533FA = {
			isa = PBXGroup;
			children = (
				881002371E376A5700F533FA /* exe */,
				881002311E3769AE00F533FA /* include */,
				881002301E37696800F533FA /* src */,
				8810022A1E37695D00F533FA /* Products */,
			);
			sourceTree = "<group>";
		};
		8810022A1E37695D00F533FA /* Products */ = {
			isa = PBXGroup;
			children = (
				881002291E37695D00F533FA /* librecurstats.a */,
				8810023D1E376ACF00F533FA /* rs_test */,
				880533381E390AC300C2B95C /* cdf_main */,
			);
			name = Products;
			sourceTree = "<group>";
		};
		881002301E37696800F533FA /* src */ = {
			isa = PBXGroup;
			children = (
				881002331E376A1C00F533FA /* rs_recurstats.c */,
				887549F11E38D44D00BC751C /* rs_cdf_t.c */,
				887549F21E38D44D00BC751C /* rs_cdf_t.h */,
			);
			path = src;
			sourceTree = "<group>";
		};
		881002311E3769AE00F533FA /* include */ = {
			isa = PBXGroup;
			children = (
				881002321E376A0900F533FA /* recurstats.h */,
			);
			path = include;
			sourceTree = "<group>";
		};
		881002371E376A5700F533FA /* exe */ = {
			isa = PBXGroup;
			children = (
				880533421E390B4E00C2B95C /* cdf_main.c */,
				881002381E376A8500F533FA /* rs_test.c */,
			);
			path = exe;
			sourceTree = "<group>";
		};
/* End PBXGroup section */

/* Begin PBXHeadersBuildPhase section */
		881002271E37695D00F533FA /* Headers */ = {
			isa = PBXHeadersBuildPhase;
			buildActionMask = 2147483647;
			files = (
			);
			runOnlyForDeploymentPostprocessing = 0;
		};
/* End PBXHeadersBuildPhase section */

/* Begin PBXNativeTarget section */
		880533371E390AC300C2B95C /* cdf_main */ = {
			isa = PBXNativeTarget;
			buildConfigurationList = 8805333C1E390AC300C2B95C /* Build configuration list for PBXNativeTarget "cdf_main" */;
			buildPhases = (
				880533341E390AC300C2B95C /* Sources */,
				880533351E390AC300C2B95C /* Frameworks */,
				880533361E390AC300C2B95C /* CopyFiles */,
			);
			buildRules = (
			);
			dependencies = (
			);
			name = cdf_main;
			productName = cdf_main;
			productReference = 880533381E390AC300C2B95C /* cdf_main */;
			productType = "com.apple.product-type.tool";
		};
		881002281E37695D00F533FA /* recurstats */ = {
			isa = PBXNativeTarget;
			buildConfigurationList = 8810022D1E37695D00F533FA /* Build configuration list for PBXNativeTarget "recurstats" */;
			buildPhases = (
				881002251E37695D00F533FA /* Sources */,
				881002261E37695D00F533FA /* Frameworks */,
				881002271E37695D00F533FA /* Headers */,
			);
			buildRules = (
			);
			dependencies = (
			);
			name = recurstats;
			productName = recurstats;
			productReference = 881002291E37695D00F533FA /* librecurstats.a */;
			productType = "com.apple.product-type.library.static";
		};
		8810023C1E376ACF00F533FA /* rs_test */ = {
			isa = PBXNativeTarget;
			buildConfigurationList = 881002411E376ACF00F533FA /* Build configuration list for PBXNativeTarget "rs_test" */;
			buildPhases = (
				881002391E376ACF00F533FA /* Sources */,
				8810023A1E376ACF00F533FA /* Frameworks */,
				8810023B1E376ACF00F533FA /* CopyFiles */,
			);
			buildRules = (
			);
			dependencies = (
				881002461E376AF600F533FA /* PBXTargetDependency */,
			);
			name = rs_test;
			productName = rs_test;
			productReference = 8810023D1E376ACF00F533FA /* rs_test */;
			productType = "com.apple.product-type.tool";
		};
/* End PBXNativeTarget section */

/* Begin PBXProject section */
		881002211E37695D00F533FA /* Project object */ = {
			isa = PBXProject;
			attributes = {
				LastUpgradeCheck = 0820;
				ORGANIZATIONNAME = "Paolo Bosetti";
				TargetAttributes = {
					880533371E390AC300C2B95C = {
						CreatedOnToolsVersion = 8.2.1;
						ProvisioningStyle = Automatic;
					};
					881002281E37695D00F533FA = {
						CreatedOnToolsVersion = 8.2.1;
						ProvisioningStyle = Automatic;
					};
					8810023C1E376ACF00F533FA = {
						CreatedOnToolsVersion = 8.2.1;
						ProvisioningStyle = Automatic;
					};
				};
			};
			buildConfigurationList = 881002241E37695D00F533FA /* Build configuration list for PBXProject "recurstats" */;
			compatibilityVersion = "Xcode 3.2";
			developmentRegion = English;
			hasScannedForEncodings = 0;
			knownRegions = (
				en,
			);
			mainGroup = 881002201E37695C00F533FA;
			productRefGroup = 8810022A1E37695D00F533FA /* Products */;
			projectDirPath = "";
			projectRoot = "";
			targets = (
				881002281E37695D00F533FA /* recurstats */,
				8810023C1E376ACF00F533FA /* rs_test */,
				880533371E390AC300C2B95C /* cdf_main */,
			);
		};
/* End PBXProject section */

/* Begin PBXSourcesBuildPhase section */
		880533341E390AC300C2B95C /* Sources */ = {
			isa = PBXSourcesBuildPhase;
			buildActionMask = 2147483647;
			files = (
				880533441E390B5300C2B95C /* cdf_main.c in Sources */,
				880533411E390B3D00C2B95C /* rs_cdf_t.c in Sources */,
			);
			runOnlyForDeploymentPostprocessing = 0;
		};
		881002251E37695D00F533FA /* Sources */ = {
			isa = PBXSourcesBuildPhase;
			buildActionMask = 2147483647;
			files = (
				887549F31E38D44D00BC751C /* rs_cdf_t.c in Sources */,
				881002351E376A1C00F533FA /* rs_recurstats.c in Sources */,
			);
			runOnlyForDeploymentPostprocessing = 0;
		};
		881002391E376ACF00F533FA /* Sources */ = {
			isa = PBXSourcesBuildPhase;
			buildActionMask = 2147483647;
			files = (
				881002471E376B7400F533FA /* rs_test.c in Sources */,
			);
			runOnlyForDeploymentPostprocessing = 0;
		};
/* End PBXSourcesBuildPhase section */

/* Begin PBXTargetDependency section */
		881002461E376AF600F533FA /* PBXTargetDependency */ = {
			isa = PBXTargetDependency;
			target = 881002281E37695D00F533FA /* recurstats */;
			targetProxy = 881002451E376AF600F533FA /* PBXContainerItemProxy */;
		};
/* End PBXTargetDependency section */

/* Begin XCBuildConfiguration section */
		8805333D1E390AC300C2B95C /* Debug */ = {
			isa = XCBuildConfiguration;
			buildSettings = {
				PRODUCT_NAME = "$(TARGET_NAME)";
			};
			name = Debug;
		};
		8805333E1E390AC300C2B95C /* Release */ = {
			isa = XCBuildConfiguration;
			buildSettings = {
				PRODUCT_NAME = "$(TARGET_NAME)";
			};
			name = Release;
		};
		8810022B1E37695D00F533FA /* Debug */ = {
			isa = XCBuildConfiguration;
			buildSettings = {
				ALWAYS_SEARCH_USER_PATHS = NO;
				CLANG_ANALYZER_NONNULL = YES;
				CLANG_CXX_LANGUAGE_STANDARD = "gnu++0x";
				CLANG_CXX_LIBRARY = "libc++";
				CLANG_ENABLE_MODULES = YES;
				CLANG_ENABLE_OBJC_ARC = YES;
				CLANG_WARN_BOOL_CONVERSION = YES;
				CLANG_WARN_CONSTANT_CONVERSION = YES;
				CLANG_WARN_DIRECT_OBJC_ISA_USAGE = YES_ERROR;
				CLANG_WARN_DOCUMENTATION_COMMENTS = YES;
				CLANG_WARN_EMPTY_BODY = YES;
				CLANG_WARN_ENUM_CONVERSION = YES;
				CLANG_WARN_INFINITE_RECURSION = YES;
				CLANG_WARN_INT_CONVERSION = YES;
				CLANG_WARN_OBJC_ROOT_CLASS = YES_ERROR;
				CLANG_WARN_SUSPICIOUS_MOVE = YES;
				CLANG_WARN_UNREACHABLE_CODE = YES;
				CLANG_WARN__DUPLICATE_METHOD_MATCH = YES;
				CODE_SIGN_IDENTITY = "-";
				COPY_PHASE_STRIP = NO;
				DEBUG_INFORMATION_FORMAT = dwarf;
				ENABLE_STRICT_OBJC_MSGSEND = YES;
				ENABLE_TESTABILITY = YES;
				GCC_C_LANGUAGE_STANDARD = gnu99;
				GCC_DYNAMIC_NO_PIC = NO;
				GCC_NO_COMMON_BLOCKS = YES;
				GCC_OPTIMIZATION_LEVEL = 0;
				GCC_PREPROCESSOR_DEFINITIONS = (
					"DEBUG=1",
					"$(inherited)",
				);
				GCC_WARN_64_TO_32_BIT_CONVERSION = YES;
				GCC_WARN_ABOUT_RETURN_TYPE = YES_ERROR;
				GCC_WARN_UNDECLARED_SELECTOR = YES;
				GCC_WARN_UNINITIALIZED_AUTOS = YES_AGGRESSIVE;
				GCC_WARN_UNUSED_FUNCTION = YES;
				GCC_WARN_UNUSED_VARIABLE = YES;
				HEADER_SEARCH_PATHS = /usr/local/include;
				LIBRARY_SEARCH_PATHS = /usr/local/lib;
				MACOSX_DEPLOYMENT_TARGET = 10.12;
				MTL_ENABLE_DEBUG_INFO = YES;
				ONLY_ACTIVE_ARCH = YES;
				SDKROOT = macosx;
			};
			name = Debug;
		};
		8810022C1E37695D00F533FA /* Release */ = {
			isa = XCBuildConfiguration;
			buildSettings = {
				ALWAYS_SEARCH_USER_PATHS = NO;
				CLANG_ANALYZER_NONNULL = YES;
				CLANG_CXX_LANGUAGE_STANDARD = "gnu++0x";
				CLANG_CXX_LIBRARY = "libc++";
				CLANG_ENABLE_MODULES = YES;
				CLANG_ENABLE_OBJC_ARC = YES;
				CLANG_WARN_BOOL_CONVERSION = YES;
				CLANG_WARN_CONSTANT_CONVERSION = YES;
				CLANG_WARN_DIRECT_OBJC_ISA_USAGE = YES_ERROR;
				CLANG_WARN_DOCUMENTATION_COMMENTS = YES;
				CLANG_WARN_EMPTY_BODY = YES;
				CLANG_WARN_ENUM_CONVERSION = YES;
				CLANG_WARN_INFINITE_RECURSION = YES;
				CLANG_WARN_INT_CONVERSION = YES;
				CLANG_WARN_OBJC_ROOT_CLASS = YES_ERROR;
				CLANG_WARN_SUSPICIOUS_MOVE = YES;
				CLANG_WARN_UNREACHABLE_CODE = YES;
				CLANG_WARN__DUPLICATE_METHOD_MATCH = YES;
				CODE_SIGN_IDENTITY = "-";
				COPY_PHASE_STRIP = NO;
				DEBUG_INFORMATION_FORMAT = "dwarf-with-dsym";
				ENABLE_NS_ASSERTIONS = NO;
				ENABLE_STRICT_OBJC_MSGSEND = YES;
				GCC_C_LANGUAGE_STANDARD = gnu99;
				GCC_NO_COMMON_BLOCKS = YES;
				GCC_WARN_64_TO_32_BIT_CONVERSION = YES;
				GCC_WARN_ABOUT_RETURN_TYPE = YES_ERROR;
				GCC_WARN_UNDECLARED_SELECTOR = YES;
				GCC_WARN_UNINITIALIZED_AUTOS = YES_AGGRESSIVE;
				GCC_WARN_UNUSED_FUNCTION = YES;
				GCC_WARN_UNUSED_VARIABLE = YES;
				HEADER_SEARCH_PATHS = /usr/local/include;
				LIBRARY_SEARCH_PATHS = /usr/local/lib;
				MACOSX_DEPLOYMENT_TARGET = 10.12;
				MTL_ENABLE_DEBUG_INFO = NO;
				SDKROOT = macosx;
			};
			name = Release;
		};
		8810022E1E37695D00F533FA /* Debug */ = {
			isa = XCBuildConfiguration;
			buildSettings = {
				EXECUTABLE_PREFIX = lib;
				PRODUCT_NAME = "$(TARGET_NAME)";
			};
			name = Debug;
		};
		8810022F1E37695D00F533FA /* Release */ = {
			isa = XCBuildConfiguration;
			buildSettings = {
				EXECUTABLE_PREFIX = lib;
				PRODUCT_NAME = "$(TARGET_NAME)";
			};
			name = Release;
		};
		881002421E376ACF00F533FA /* Debug */ = {
			isa = XCBuildConfiguration;
			buildSettings = {
				PRODUCT_NAME = "$(TARGET_NAME)";
			};
			name = Debug;
		};
		881002431E376ACF00F533FA /* Release */ = {
			isa = XCBuildConfiguration;
			buildSettings = {
				PRODUCT_NAME = "$(TARGET_NAME)";
			};
			name = Release;
		};
/* End XCBuildConfiguration section */

/* Begin XCConfigurationList section */
		8805333C1E390AC300C2B95C /* Build configuration list for PBXNativeTarget "cdf_main" */ = {
			isa = XCConfigurationList;
			buildConfigurations = (
				8805333D1E390AC300C2B95C /* Debug */,
				8805333E1E390AC300C2B95C /* Release */,
			);
			defaultConfigurationIsVisible = 0;
			defaultConfigurationName = Release;
		};
		881002241E37695D00F533FA /* Build configuration list for PBXProject "recurstats" */ = {
			isa = XCConfigurationList;
			buildConfigurations = (
				8810022B1E37695D00F533FA /* Debug */,
				8810022C1E37695D00F533FA /* Release */,
			);
			defaultConfigurationIsVisible = 0;
			defaultConfigurationName = Release;
		};
		8810022D1E37695D00F533FA /* Build configuration list for PBXNativeTarget "recurstats" */ = {
			isa = XCConfigurationList;
			buildConfigurations = (
				8810022E1E37695D00F533FA /* Debug */,
				8810022F1E37695D00F533FA /* Release */,
			);
			defaultConfigurationIsVisible = 0;
			defaultConfigurationName = Release;
		};
		881002411E376ACF00F533FA /* Build configuration list for PBXNativeTarget "rs_test" */ = {
			isa = XCConfigurationList;
			buildConfigurations = (
				881002421E376ACF00F533FA /* Debug */,
				881002431E376ACF00F533FA /* Release */,
			);
			defaultConfigurationIsVisible = 0;
			defaultConfigurationName = Release;
		};
/* End XCConfigurationList section */
	};
	rootObject = 881002211E37695D00F533FA /* Project object */;
}
